
Microsoft Visual Studio Solution File, Format Version 12.00
# Visual Studio Version 16
VisualStudioVersion = 16.0.29728.190
MinimumVisualStudioVersion = 10.0.40219.1
Project("{FAE04EC0-301F-11D3-BF4B-00C04F79EFBC}") = "ExercicioException", "ExercicioException\ExercicioException.csproj", "{7D085D6A-4E64-42C8-A693-CEC6934CD5D5}"
EndProject
Global
	GlobalSection(SolutionConfigurationPlatforms) = preSolution
		Debug|Any CPU = Debug|Any CPU
		Release|Any CPU = Release|Any CPU
	EndGlobalSection
	GlobalSection(ProjectConfigurationPlatforms) = postSolution
		{7D085D6A-4E64-42C8-A693-CEC6934CD5D5}.Debug|Any CPU.ActiveCfg = Debug|Any CPU
		{7D085D6A-4E64-42C8-A693-CEC6934CD5D5}.Debug|Any CPU.Build.0 = Debug|Any CPU
		{7D085D6A-4E64-42C8-A693-CEC6934CD5D5}.Release|Any CPU.ActiveCfg = Release|Any CPU
		{7D085D6A-4E64-42C8-A693-CEC6934CD5D5}.Release|Any CPU.Build.0 = Release|Any CPU
	EndGlobalSection
	GlobalSection(SolutionProperties) = preSolution
		HideSolutionNode = FALSE
	EndGlobalSection
	GlobalSection(ExtensibilityGlobals) = postSolution
		SolutionGuid = {0E90348D-1BF4-4335-8C1A-06BA3F78000C}
	EndGlobalSection
EndGlobal
